
Microsoft Visual Studio Solution File, Format Version 12.00
# Visual Studio Version 16
VisualStudioVersion = 16.0.30717.126
MinimumVisualStudioVersion = 10.0.40219.1
Project("{FAE04EC0-301F-11D3-BF4B-00C04F79EFBC}") = "zendviaDemo", "zendviaDemo\zendviaDemo.csproj", "{9EFC7581-EAB8-48A8-ABAA-81D17DFF56CD}"
EndProject
Global
	GlobalSection(SolutionConfigurationPlatforms) = preSolution
		Debug|Any CPU = Debug|Any CPU
		Release|Any CPU = Release|Any CPU
	EndGlobalSection
	GlobalSection(ProjectConfigurationPlatforms) = postSolution
		{9EFC7581-EAB8-48A8-ABAA-81D17DFF56CD}.Debug|Any CPU.ActiveCfg = Debug|Any CPU
		{9EFC7581-EAB8-48A8-ABAA-81D17DFF56CD}.Debug|Any CPU.Build.0 = Debug|Any CPU
		{9EFC7581-EAB8-48A8-ABAA-81D17DFF56CD}.Release|Any CPU.ActiveCfg = Release|Any CPU
		{9EFC7581-EAB8-48A8-ABAA-81D17DFF56CD}.Release|Any CPU.Build.0 = Release|Any CPU
	EndGlobalSection
	GlobalSection(SolutionProperties) = preSolution
		HideSolutionNode = FALSE
	EndGlobalSection
	GlobalSection(ExtensibilityGlobals) = postSolution
		SolutionGuid = {F078C428-591A-4A27-8083-A905AF42B06F}
	EndGlobalSection
EndGlobal
